
Microsoft Visual Studio Solution File, Format Version 12.00
# Visual Studio Version 16
VisualStudioVersion = 16.0.33529.622
MinimumVisualStudioVersion = 10.0.40219.1
Project("{8BC9CEB8-8B4A-11D0-8D11-00A0C91BC942}") = "Pract3 Vpr 6", "Pract3 Vpr 6.vcxproj", "{AB09C01B-1D8A-4697-BF33-DD24BF195A87}"
EndProject
Global
	GlobalSection(SolutionConfigurationPlatforms) = preSolution
		Debug|x64 = Debug|x64
		Debug|x86 = Debug|x86
		Release|x64 = Release|x64
		Release|x86 = Release|x86
	EndGlobalSection
	GlobalSection(ProjectConfigurationPlatforms) = postSolution
		{AB09C01B-1D8A-4697-BF33-DD24BF195A87}.Debug|x64.ActiveCfg = Debug|x64
		{AB09C01B-1D8A-4697-BF33-DD24BF195A87}.Debug|x64.Build.0 = Debug|x64
		{AB09C01B-1D8A-4697-BF33-DD24BF195A87}.Debug|x86.ActiveCfg = Debug|Win32
		{AB09C01B-1D8A-4697-BF33-DD24BF195A87}.Debug|x86.Build.0 = Debug|Win32
		{AB09C01B-1D8A-4697-BF33-DD24BF195A87}.Release|x64.ActiveCfg = Release|x64
		{AB09C01B-1D8A-4697-BF33-DD24BF195A87}.Release|x64.Build.0 = Release|x64
		{AB09C01B-1D8A-4697-BF33-DD24BF195A87}.Release|x86.ActiveCfg = Release|Win32
		{AB09C01B-1D8A-4697-BF33-DD24BF195A87}.Release|x86.Build.0 = Release|Win32
	EndGlobalSection
	GlobalSection(SolutionProperties) = preSolution
		HideSolutionNode = FALSE
	EndGlobalSection
	GlobalSection(ExtensibilityGlobals) = postSolution
		SolutionGuid = {FB53BEB1-5940-4344-8275-406E4E9F3C79}
	EndGlobalSection
EndGlobal
